
Microsoft Visual Studio Solution File, Format Version 12.00
# Visual Studio Version 17
VisualStudioVersion = 17.5.33516.290
MinimumVisualStudioVersion = 10.0.40219.1
Project("{FAE04EC0-301F-11D3-BF4B-00C04F79EFBC}") = "generatexmultx", "generatexmultx\generatexmultx.csproj", "{644E88D7-7C12-4A22-957E-CC1AC8528803}"
EndProject
Global
	GlobalSection(SolutionConfigurationPlatforms) = preSolution
		Debug|Any CPU = Debug|Any CPU
		Release|Any CPU = Release|Any CPU
	EndGlobalSection
	GlobalSection(ProjectConfigurationPlatforms) = postSolution
		{644E88D7-7C12-4A22-957E-CC1AC8528803}.Debug|Any CPU.ActiveCfg = Debug|Any CPU
		{644E88D7-7C12-4A22-957E-CC1AC8528803}.Debug|Any CPU.Build.0 = Debug|Any CPU
		{644E88D7-7C12-4A22-957E-CC1AC8528803}.Release|Any CPU.ActiveCfg = Release|Any CPU
		{644E88D7-7C12-4A22-957E-CC1AC8528803}.Release|Any CPU.Build.0 = Release|Any CPU
	EndGlobalSection
	GlobalSection(SolutionProperties) = preSolution
		HideSolutionNode = FALSE
	EndGlobalSection
	GlobalSection(ExtensibilityGlobals) = postSolution
		SolutionGuid = {97E8B9AA-489E-4092-8290-28E992A85AE2}
	EndGlobalSection
EndGlobal
